
Microsoft Visual Studio Solution File, Format Version 12.00
# Visual Studio Version 16
VisualStudioVersion = 16.0.30717.126
MinimumVisualStudioVersion = 10.0.40219.1
Project("{F184B08F-C81C-45F6-A57F-5ABD9991F28F}") = "HRM", "HRM\HRM.vbproj", "{E020552B-2C12-44DC-9187-9E8EE9FC4182}"
EndProject
Global
	GlobalSection(SolutionConfigurationPlatforms) = preSolution
		Debug|Any CPU = Debug|Any CPU
		Release|Any CPU = Release|Any CPU
	EndGlobalSection
	GlobalSection(ProjectConfigurationPlatforms) = postSolution
		{E020552B-2C12-44DC-9187-9E8EE9FC4182}.Debug|Any CPU.ActiveCfg = Debug|Any CPU
		{E020552B-2C12-44DC-9187-9E8EE9FC4182}.Debug|Any CPU.Build.0 = Debug|Any CPU
		{E020552B-2C12-44DC-9187-9E8EE9FC4182}.Release|Any CPU.ActiveCfg = Release|Any CPU
		{E020552B-2C12-44DC-9187-9E8EE9FC4182}.Release|Any CPU.Build.0 = Release|Any CPU
	EndGlobalSection
	GlobalSection(SolutionProperties) = preSolution
		HideSolutionNode = FALSE
	EndGlobalSection
	GlobalSection(ExtensibilityGlobals) = postSolution
		SolutionGuid = {382F4B14-1628-44CE-ACC7-E5AD4569ECA8}
	EndGlobalSection
EndGlobal
